// !$*UTF8*$!
{
	archiveVersion = 1;
	classes = {
	};
	objectVersion = 46;
	objects = {

/* Begin PBXBuildFile section */
		DA277DEF1B36D1C500B2E28F /* currencies.plist in Resources */ = {isa = PBXBuildFile; fileRef = DA277DEE1B36D1C500B2E28F /* currencies.plist */; };
		DA277DF11B36D96400B2E28F /* CurrencyEditView.swift in Sources */ = {isa = PBXBuildFile; fileRef = DA277DF01B36D96400B2E28F /* CurrencyEditView.swift */; };
		DA51B94B1B3462D4006AD73B /* Alamofire.framework in Frameworks */ = {isa = PBXBuildFile; fileRef = DA51B94A1B3462D4006AD73B /* Alamofire.framework */; };
		DA51B94F1B356C5B006AD73B /* ConvrtCollectionViewCell.swift in Sources */ = {isa = PBXBuildFile; fileRef = DA51B94E1B356C5B006AD73B /* ConvrtCollectionViewCell.swift */; };
		DA686F6A1B35D38E004D62B2 /* ConvrtSessionTests.swift in Sources */ = {isa = PBXBuildFile; fileRef = DA686F691B35D38E004D62B2 /* ConvrtSessionTests.swift */; };
		DA94A1211B3DCC2E00FFA025 /* Convrt_UI_Tests.swift in Sources */ = {isa = PBXBuildFile; fileRef = DA94A1201B3DCC2E00FFA025 /* Convrt_UI_Tests.swift */; };
		DAB2061C1B3C466D00E1900E /* Currency.swift in Sources */ = {isa = PBXBuildFile; fileRef = DAB2061B1B3C466D00E1900E /* Currency.swift */; };
		DAB2061E1B3C469400E1900E /* CurrencyPair.swift in Sources */ = {isa = PBXBuildFile; fileRef = DAB2061D1B3C469300E1900E /* CurrencyPair.swift */; };
		DAC3EDB01B0741D200E304AC /* AAWindow.swift in Sources */ = {isa = PBXBuildFile; fileRef = DAC3EDAF1B0741D200E304AC /* AAWindow.swift */; };
		DAC3EDBB1B07B05600E304AC /* ConvrtSession.swift in Sources */ = {isa = PBXBuildFile; fileRef = DAC3EDBA1B07B05600E304AC /* ConvrtSession.swift */; };
		DADD1B1C1B073D6A00DC9269 /* AppDelegate.swift in Sources */ = {isa = PBXBuildFile; fileRef = DADD1B1B1B073D6A00DC9269 /* AppDelegate.swift */; };
		DADD1B1E1B073D6A00DC9269 /* ViewController.swift in Sources */ = {isa = PBXBuildFile; fileRef = DADD1B1D1B073D6A00DC9269 /* ViewController.swift */; };
		DADD1B211B073D6A00DC9269 /* Main.storyboard in Resources */ = {isa = PBXBuildFile; fileRef = DADD1B1F1B073D6A00DC9269 /* Main.storyboard */; };
		DADD1B231B073D6A00DC9269 /* Images.xcassets in Resources */ = {isa = PBXBuildFile; fileRef = DADD1B221B073D6A00DC9269 /* Images.xcassets */; };
		DADD1B321B073D6A00DC9269 /* ConvrtTests.swift in Sources */ = {isa = PBXBuildFile; fileRef = DADD1B311B073D6A00DC9269 /* ConvrtTests.swift */; };
		DAF3539F1B6EA5DF005C0868 /* CurrencySelectionViewController.swift in Sources */ = {isa = PBXBuildFile; fileRef = DAF3539E1B6EA5DF005C0868 /* CurrencySelectionViewController.swift */; };
/* End PBXBuildFile section */

/* Begin PBXContainerItemProxy section */
		DA94A1231B3DCC2E00FFA025 /* PBXContainerItemProxy */ = {
			isa = PBXContainerItemProxy;
			containerPortal = DADD1B0E1B073D6A00DC9269 /* Project object */;
			proxyType = 1;
			remoteGlobalIDString = DADD1B151B073D6A00DC9269;
			remoteInfo = Convrt;
		};
		DADD1B2C1B073D6A00DC9269 /* PBXContainerItemProxy */ = {
			isa = PBXContainerItemProxy;
			containerPortal = DADD1B0E1B073D6A00DC9269 /* Project object */;
			proxyType = 1;
			remoteGlobalIDString = DADD1B151B073D6A00DC9269;
			remoteInfo = Convrt;
		};
/* End PBXContainerItemProxy section */

/* Begin PBXFileReference section */
		DA277DEE1B36D1C500B2E28F /* currencies.plist */ = {isa = PBXFileReference; fileEncoding = 4; lastKnownFileType = text.plist.xml; path = currencies.plist; sourceTree = "<group>"; };
		DA277DF01B36D96400B2E28F /* CurrencyEditView.swift */ = {isa = PBXFileReference; fileEncoding = 4; lastKnownFileType = sourcecode.swift; path = CurrencyEditView.swift; sourceTree = "<group>"; };
		DA51B94A1B3462D4006AD73B /* Alamofire.framework */ = {isa = PBXFileReference; lastKnownFileType = wrapper.framework; name = Alamofire.framework; path = Frameworks/Alamofire.framework; sourceTree = "<group>"; };
		DA51B94E1B356C5B006AD73B /* ConvrtCollectionViewCell.swift */ = {isa = PBXFileReference; fileEncoding = 4; lastKnownFileType = sourcecode.swift; path = ConvrtCollectionViewCell.swift; sourceTree = "<group>"; };
		DA686F691B35D38E004D62B2 /* ConvrtSessionTests.swift */ = {isa = PBXFileReference; fileEncoding = 4; lastKnownFileType = sourcecode.swift; path = ConvrtSessionTests.swift; sourceTree = "<group>"; };
		DA94A11E1B3DCC2E00FFA025 /* Convrt UI Tests.xctest */ = {isa = PBXFileReference; explicitFileType = wrapper.cfbundle; includeInIndex = 0; path = "Convrt UI Tests.xctest"; sourceTree = BUILT_PRODUCTS_DIR; };
		DA94A1201B3DCC2E00FFA025 /* Convrt_UI_Tests.swift */ = {isa = PBXFileReference; lastKnownFileType = sourcecode.swift; path = Convrt_UI_Tests.swift; sourceTree = "<group>"; };
		DA94A1221B3DCC2E00FFA025 /* Info.plist */ = {isa = PBXFileReference; lastKnownFileType = text.plist.xml; path = Info.plist; sourceTree = "<group>"; };
		DAB2061B1B3C466D00E1900E /* Currency.swift */ = {isa = PBXFileReference; fileEncoding = 4; lastKnownFileType = sourcecode.swift; path = Currency.swift; sourceTree = "<group>"; };
		DAB2061D1B3C469300E1900E /* CurrencyPair.swift */ = {isa = PBXFileReference; fileEncoding = 4; lastKnownFileType = sourcecode.swift; path = CurrencyPair.swift; sourceTree = "<group>"; };
		DAC3EDAF1B0741D200E304AC /* AAWindow.swift */ = {isa = PBXFileReference; fileEncoding = 4; lastKnownFileType = sourcecode.swift; name = AAWindow.swift; path = Frameworks/AAWindow.swift; sourceTree = "<group>"; };
		DAC3EDBA1B07B05600E304AC /* ConvrtSession.swift */ = {isa = PBXFileReference; fileEncoding = 4; lastKnownFileType = sourcecode.swift; path = ConvrtSession.swift; sourceTree = "<group>"; };
		DADD1B161B073D6A00DC9269 /* Convrt.app */ = {isa = PBXFileReference; explicitFileType = wrapper.application; includeInIndex = 0; path = Convrt.app; sourceTree = BUILT_PRODUCTS_DIR; };
		DADD1B1A1B073D6A00DC9269 /* Info.plist */ = {isa = PBXFileReference; lastKnownFileType = text.plist.xml; path = Info.plist; sourceTree = "<group>"; };
		DADD1B1B1B073D6A00DC9269 /* AppDelegate.swift */ = {isa = PBXFileReference; lastKnownFileType = sourcecode.swift; path = AppDelegate.swift; sourceTree = "<group>"; };
		DADD1B1D1B073D6A00DC9269 /* ViewController.swift */ = {isa = PBXFileReference; lastKnownFileType = sourcecode.swift; path = ViewController.swift; sourceTree = "<group>"; };
		DADD1B201B073D6A00DC9269 /* Base */ = {isa = PBXFileReference; lastKnownFileType = file.storyboard; name = Base; path = Base.lproj/Main.storyboard; sourceTree = "<group>"; };
		DADD1B221B073D6A00DC9269 /* Images.xcassets */ = {isa = PBXFileReference; lastKnownFileType = folder.assetcatalog; path = Images.xcassets; sourceTree = "<group>"; };
		DADD1B2B1B073D6A00DC9269 /* ConvrtTests.xctest */ = {isa = PBXFileReference; explicitFileType = wrapper.cfbundle; includeInIndex = 0; path = ConvrtTests.xctest; sourceTree = BUILT_PRODUCTS_DIR; };
		DADD1B301B073D6A00DC9269 /* Info.plist */ = {isa = PBXFileReference; lastKnownFileType = text.plist.xml; path = Info.plist; sourceTree = "<group>"; };
		DADD1B311B073D6A00DC9269 /* ConvrtTests.swift */ = {isa = PBXFileReference; lastKnownFileType = sourcecode.swift; path = ConvrtTests.swift; sourceTree = "<group>"; };
		DAF3539E1B6EA5DF005C0868 /* CurrencySelectionViewController.swift */ = {isa = PBXFileReference; fileEncoding = 4; lastKnownFileType = sourcecode.swift; path = CurrencySelectionViewController.swift; sourceTree = "<group>"; };
/* End PBXFileReference section */

/* Begin PBXFrameworksBuildPhase section */
		DA94A11B1B3DCC2E00FFA025 /* Frameworks */ = {
			isa = PBXFrameworksBuildPhase;
			buildActionMask = 2147483647;
			files = (
			);
			runOnlyForDeploymentPostprocessing = 0;
		};
		DADD1B131B073D6A00DC9269 /* Frameworks */ = {
			isa = PBXFrameworksBuildPhase;
			buildActionMask = 2147483647;
			files = (
				DA51B94B1B3462D4006AD73B /* Alamofire.framework in Frameworks */,
			);
			runOnlyForDeploymentPostprocessing = 0;
		};
		DADD1B281B073D6A00DC9269 /* Frameworks */ = {
			isa = PBXFrameworksBuildPhase;
			buildActionMask = 2147483647;
			files = (
			);
			runOnlyForDeploymentPostprocessing = 0;
		};
/* End PBXFrameworksBuildPhase section */

/* Begin PBXGroup section */
		DA51B9501B356C67006AD73B /* Model */ = {
			isa = PBXGroup;
			children = (
				DAC3EDBA1B07B05600E304AC /* ConvrtSession.swift */,
				DAB2061B1B3C466D00E1900E /* Currency.swift */,
				DAB2061D1B3C469300E1900E /* CurrencyPair.swift */,
			);
			name = Model;
			sourceTree = "<group>";
		};
		DA51B9511B356C6C006AD73B /* View */ = {
			isa = PBXGroup;
			children = (
				DA51B94E1B356C5B006AD73B /* ConvrtCollectionViewCell.swift */,
				DA277DF01B36D96400B2E28F /* CurrencyEditView.swift */,
			);
			name = View;
			sourceTree = "<group>";
		};
		DA51B9521B356C71006AD73B /* Controller */ = {
			isa = PBXGroup;
			children = (
				DADD1B1D1B073D6A00DC9269 /* ViewController.swift */,
				DAF3539E1B6EA5DF005C0868 /* CurrencySelectionViewController.swift */,
			);
			name = Controller;
			sourceTree = "<group>";
		};
		DA94A11F1B3DCC2E00FFA025 /* Convrt UI Tests */ = {
			isa = PBXGroup;
			children = (
				DA94A1201B3DCC2E00FFA025 /* Convrt_UI_Tests.swift */,
				DA94A1221B3DCC2E00FFA025 /* Info.plist */,
			);
			path = "Convrt UI Tests";
			sourceTree = "<group>";
		};
		DAC3EDAE1B0741BB00E304AC /* Frameworks */ = {
			isa = PBXGroup;
			children = (
				DA51B94A1B3462D4006AD73B /* Alamofire.framework */,
				DAC3EDAF1B0741D200E304AC /* AAWindow.swift */,
			);
			name = Frameworks;
			sourceTree = "<group>";
		};
		DADD1B0D1B073D6A00DC9269 = {
			isa = PBXGroup;
			children = (
				DADD1B181B073D6A00DC9269 /* Convrt */,
				DADD1B2E1B073D6A00DC9269 /* ConvrtTests */,
				DA94A11F1B3DCC2E00FFA025 /* Convrt UI Tests */,
				DADD1B171B073D6A00DC9269 /* Products */,
			);
			sourceTree = "<group>";
		};
		DADD1B171B073D6A00DC9269 /* Products */ = {
			isa = PBXGroup;
			children = (
				DADD1B161B073D6A00DC9269 /* Convrt.app */,
				DADD1B2B1B073D6A00DC9269 /* ConvrtTests.xctest */,
				DA94A11E1B3DCC2E00FFA025 /* Convrt UI Tests.xctest */,
			);
			name = Products;
			sourceTree = "<group>";
		};
		DADD1B181B073D6A00DC9269 /* Convrt */ = {
			isa = PBXGroup;
			children = (
				DA51B9521B356C71006AD73B /* Controller */,
				DA51B9511B356C6C006AD73B /* View */,
				DA51B9501B356C67006AD73B /* Model */,
				DADD1B1B1B073D6A00DC9269 /* AppDelegate.swift */,
				DADD1B1F1B073D6A00DC9269 /* Main.storyboard */,
				DADD1B221B073D6A00DC9269 /* Images.xcassets */,
				DADD1B191B073D6A00DC9269 /* Supporting Files */,
				DAC3EDAE1B0741BB00E304AC /* Frameworks */,
			);
			path = Convrt;
			sourceTree = "<group>";
		};
		DADD1B191B073D6A00DC9269 /* Supporting Files */ = {
			isa = PBXGroup;
			children = (
				DA277DEE1B36D1C500B2E28F /* currencies.plist */,
				DADD1B1A1B073D6A00DC9269 /* Info.plist */,
			);
			name = "Supporting Files";
			sourceTree = "<group>";
		};
		DADD1B2E1B073D6A00DC9269 /* ConvrtTests */ = {
			isa = PBXGroup;
			children = (
				DADD1B311B073D6A00DC9269 /* ConvrtTests.swift */,
				DADD1B2F1B073D6A00DC9269 /* Supporting Files */,
				DA686F691B35D38E004D62B2 /* ConvrtSessionTests.swift */,
			);
			path = ConvrtTests;
			sourceTree = "<group>";
		};
		DADD1B2F1B073D6A00DC9269 /* Supporting Files */ = {
			isa = PBXGroup;
			children = (
				DADD1B301B073D6A00DC9269 /* Info.plist */,
			);
			name = "Supporting Files";
			sourceTree = "<group>";
		};
/* End PBXGroup section */

/* Begin PBXNativeTarget section */
		DA94A11D1B3DCC2E00FFA025 /* Convrt UI Tests */ = {
			isa = PBXNativeTarget;
			buildConfigurationList = DA94A1271B3DCC2E00FFA025 /* Build configuration list for PBXNativeTarget "Convrt UI Tests" */;
			buildPhases = (
				DA94A11A1B3DCC2E00FFA025 /* Sources */,
				DA94A11B1B3DCC2E00FFA025 /* Frameworks */,
				DA94A11C1B3DCC2E00FFA025 /* Resources */,
			);
			buildRules = (
			);
			dependencies = (
				DA94A1241B3DCC2E00FFA025 /* PBXTargetDependency */,
			);
			name = "Convrt UI Tests";
			productName = "Convrt UI Tests";
			productReference = DA94A11E1B3DCC2E00FFA025 /* Convrt UI Tests.xctest */;
			productType = "com.apple.product-type.bundle.ui-testing";
		};
		DADD1B151B073D6A00DC9269 /* Convrt */ = {
			isa = PBXNativeTarget;
			buildConfigurationList = DADD1B351B073D6A00DC9269 /* Build configuration list for PBXNativeTarget "Convrt" */;
			buildPhases = (
				DADD1B121B073D6A00DC9269 /* Sources */,
				DADD1B131B073D6A00DC9269 /* Frameworks */,
				DADD1B141B073D6A00DC9269 /* Resources */,
				DAC3EDB91B07AF0600E304AC /* ShellScript */,
			);
			buildRules = (
			);
			dependencies = (
			);
			name = Convrt;
			productName = Convrt;
			productReference = DADD1B161B073D6A00DC9269 /* Convrt.app */;
			productType = "com.apple.product-type.application";
		};
		DADD1B2A1B073D6A00DC9269 /* ConvrtTests */ = {
			isa = PBXNativeTarget;
			buildConfigurationList = DADD1B381B073D6A00DC9269 /* Build configuration list for PBXNativeTarget "ConvrtTests" */;
			buildPhases = (
				DADD1B271B073D6A00DC9269 /* Sources */,
				DADD1B281B073D6A00DC9269 /* Frameworks */,
				DADD1B291B073D6A00DC9269 /* Resources */,
				DA686F6C1B35D7C7004D62B2 /* ShellScript */,
			);
			buildRules = (
			);
			dependencies = (
				DADD1B2D1B073D6A00DC9269 /* PBXTargetDependency */,
			);
			name = ConvrtTests;
			productName = ConvrtTests;
			productReference = DADD1B2B1B073D6A00DC9269 /* ConvrtTests.xctest */;
			productType = "com.apple.product-type.bundle.unit-test";
		};
/* End PBXNativeTarget section */

/* Begin PBXProject section */
		DADD1B0E1B073D6A00DC9269 /* Project object */ = {
			isa = PBXProject;
			attributes = {
				LastSwiftUpdateCheck = 0700;
				LastUpgradeCheck = 0700;
				ORGANIZATIONNAME = ryce;
				TargetAttributes = {
					DA94A11D1B3DCC2E00FFA025 = {
						CreatedOnToolsVersion = 7.0;
						TestTargetID = DADD1B151B073D6A00DC9269;
					};
					DADD1B151B073D6A00DC9269 = {
						CreatedOnToolsVersion = 6.3.1;
					};
					DADD1B2A1B073D6A00DC9269 = {
						CreatedOnToolsVersion = 6.3.1;
						TestTargetID = DADD1B151B073D6A00DC9269;
					};
				};
			};
			buildConfigurationList = DADD1B111B073D6A00DC9269 /* Build configuration list for PBXProject "Convrt" */;
			compatibilityVersion = "Xcode 3.2";
			developmentRegion = English;
			hasScannedForEncodings = 0;
			knownRegions = (
				en,
				Base,
			);
			mainGroup = DADD1B0D1B073D6A00DC9269;
			productRefGroup = DADD1B171B073D6A00DC9269 /* Products */;
			projectDirPath = "";
			projectRoot = "";
			targets = (
				DADD1B151B073D6A00DC9269 /* Convrt */,
				DADD1B2A1B073D6A00DC9269 /* ConvrtTests */,
				DA94A11D1B3DCC2E00FFA025 /* Convrt UI Tests */,
			);
		};
/* End PBXProject section */

/* Begin PBXResourcesBuildPhase section */
		DA94A11C1B3DCC2E00FFA025 /* Resources */ = {
			isa = PBXResourcesBuildPhase;
			buildActionMask = 2147483647;
			files = (
			);
			runOnlyForDeploymentPostprocessing = 0;
		};
		DADD1B141B073D6A00DC9269 /* Resources */ = {
			isa = PBXResourcesBuildPhase;
			buildActionMask = 2147483647;
			files = (
				DA277DEF1B36D1C500B2E28F /* currencies.plist in Resources */,
				DADD1B211B073D6A00DC9269 /* Main.storyboard in Resources */,
				DADD1B231B073D6A00DC9269 /* Images.xcassets in Resources */,
			);
			runOnlyForDeploymentPostprocessing = 0;
		};
		DADD1B291B073D6A00DC9269 /* Resources */ = {
			isa = PBXResourcesBuildPhase;
			buildActionMask = 2147483647;
			files = (
			);
			runOnlyForDeploymentPostprocessing = 0;
		};
/* End PBXResourcesBuildPhase section */

/* Begin PBXShellScriptBuildPhase section */
		DA686F6C1B35D7C7004D62B2 /* ShellScript */ = {
			isa = PBXShellScriptBuildPhase;
			buildActionMask = 2147483647;
			files = (
			);
			inputPaths = (
				"$(SRCROOT)/Convrt/Frameworks/Alamofire.framework",
			);
			outputPaths = (
			);
			runOnlyForDeploymentPostprocessing = 0;
			shellPath = /bin/sh;
			shellScript = "/usr/local/bin/carthage copy-frameworks";
		};
		DAC3EDB91B07AF0600E304AC /* ShellScript */ = {
			isa = PBXShellScriptBuildPhase;
			buildActionMask = 2147483647;
			files = (
			);
			inputPaths = (
				"$(SRCROOT)/Convrt/Frameworks/Alamofire.framework",
			);
			outputPaths = (
			);
			runOnlyForDeploymentPostprocessing = 0;
			shellPath = /bin/sh;
			shellScript = "/usr/local/bin/carthage copy-frameworks";
		};
/* End PBXShellScriptBuildPhase section */

/* Begin PBXSourcesBuildPhase section */
		DA94A11A1B3DCC2E00FFA025 /* Sources */ = {
			isa = PBXSourcesBuildPhase;
			buildActionMask = 2147483647;
			files = (
				DA94A1211B3DCC2E00FFA025 /* Convrt_UI_Tests.swift in Sources */,
			);
			runOnlyForDeploymentPostprocessing = 0;
		};
		DADD1B121B073D6A00DC9269 /* Sources */ = {
			isa = PBXSourcesBuildPhase;
			buildActionMask = 2147483647;
			files = (
				DADD1B1E1B073D6A00DC9269 /* ViewController.swift in Sources */,
				DA51B94F1B356C5B006AD73B /* ConvrtCollectionViewCell.swift in Sources */,
				DAF3539F1B6EA5DF005C0868 /* CurrencySelectionViewController.swift in Sources */,
				DADD1B1C1B073D6A00DC9269 /* AppDelegate.swift in Sources */,
				DAB2061C1B3C466D00E1900E /* Currency.swift in Sources */,
				DA277DF11B36D96400B2E28F /* CurrencyEditView.swift in Sources */,
				DAC3EDBB1B07B05600E304AC /* ConvrtSession.swift in Sources */,
				DAB2061E1B3C469400E1900E /* CurrencyPair.swift in Sources */,
				DAC3EDB01B0741D200E304AC /* AAWindow.swift in Sources */,
			);
			runOnlyForDeploymentPostprocessing = 0;
		};
		DADD1B271B073D6A00DC9269 /* Sources */ = {
			isa = PBXSourcesBuildPhase;
			buildActionMask = 2147483647;
			files = (
				DA686F6A1B35D38E004D62B2 /* ConvrtSessionTests.swift in Sources */,
				DADD1B321B073D6A00DC9269 /* ConvrtTests.swift in Sources */,
			);
			runOnlyForDeploymentPostprocessing = 0;
		};
/* End PBXSourcesBuildPhase section */

/* Begin PBXTargetDependency section */
		DA94A1241B3DCC2E00FFA025 /* PBXTargetDependency */ = {
			isa = PBXTargetDependency;
			target = DADD1B151B073D6A00DC9269 /* Convrt */;
			targetProxy = DA94A1231B3DCC2E00FFA025 /* PBXContainerItemProxy */;
		};
		DADD1B2D1B073D6A00DC9269 /* PBXTargetDependency */ = {
			isa = PBXTargetDependency;
			target = DADD1B151B073D6A00DC9269 /* Convrt */;
			targetProxy = DADD1B2C1B073D6A00DC9269 /* PBXContainerItemProxy */;
		};
/* End PBXTargetDependency section */

/* Begin PBXVariantGroup section */
		DADD1B1F1B073D6A00DC9269 /* Main.storyboard */ = {
			isa = PBXVariantGroup;
			children = (
				DADD1B201B073D6A00DC9269 /* Base */,
			);
			name = Main.storyboard;
			sourceTree = "<group>";
		};
/* End PBXVariantGroup section */

/* Begin XCBuildConfiguration section */
		DA94A1251B3DCC2E00FFA025 /* Debug */ = {
			isa = XCBuildConfiguration;
			buildSettings = {
				DEBUG_INFORMATION_FORMAT = dwarf;
				INFOPLIST_FILE = "Convrt UI Tests/Info.plist";
				IPHONEOS_DEPLOYMENT_TARGET = 9.0;
				LD_RUNPATH_SEARCH_PATHS = "$(inherited) @executable_path/Frameworks @loader_path/Frameworks";
				PRODUCT_BUNDLE_IDENTIFIER = "com.riazy.Convrt-UI-Tests";
				PRODUCT_NAME = "$(TARGET_NAME)";
				TEST_TARGET_NAME = Convrt;
				USES_XCTRUNNER = YES;
			};
			name = Debug;
		};
		DA94A1261B3DCC2E00FFA025 /* Release */ = {
			isa = XCBuildConfiguration;
			buildSettings = {
				INFOPLIST_FILE = "Convrt UI Tests/Info.plist";
				IPHONEOS_DEPLOYMENT_TARGET = 9.0;
				LD_RUNPATH_SEARCH_PATHS = "$(inherited) @executable_path/Frameworks @loader_path/Frameworks";
				PRODUCT_BUNDLE_IDENTIFIER = "com.riazy.Convrt-UI-Tests";
				PRODUCT_NAME = "$(TARGET_NAME)";
				TEST_TARGET_NAME = Convrt;
				USES_XCTRUNNER = YES;
			};
			name = Release;
		};
		DADD1B331B073D6A00DC9269 /* Debug */ = {
			isa = XCBuildConfiguration;
			buildSettings = {
				ALWAYS_SEARCH_USER_PATHS = NO;
				CLANG_CXX_LANGUAGE_STANDARD = "gnu++0x";
				CLANG_CXX_LIBRARY = "libc++";
				CLANG_ENABLE_MODULES = YES;
				CLANG_ENABLE_OBJC_ARC = YES;
				CLANG_WARN_BOOL_CONVERSION = YES;
				CLANG_WARN_CONSTANT_CONVERSION = YES;
				CLANG_WARN_DIRECT_OBJC_ISA_USAGE = YES_ERROR;
				CLANG_WARN_EMPTY_BODY = YES;
				CLANG_WARN_ENUM_CONVERSION = YES;
				CLANG_WARN_INT_CONVERSION = YES;
				CLANG_WARN_OBJC_ROOT_CLASS = YES_ERROR;
				CLANG_WARN_UNREACHABLE_CODE = YES;
				CLANG_WARN__DUPLICATE_METHOD_MATCH = YES;
				"CODE_SIGN_IDENTITY[sdk=iphoneos*]" = "iPhone Developer";
				COPY_PHASE_STRIP = NO;
				DEBUG_INFORMATION_FORMAT = "dwarf-with-dsym";
				ENABLE_STRICT_OBJC_MSGSEND = YES;
				ENABLE_TESTABILITY = YES;
				GCC_C_LANGUAGE_STANDARD = gnu99;
				GCC_DYNAMIC_NO_PIC = NO;
				GCC_NO_COMMON_BLOCKS = YES;
				GCC_OPTIMIZATION_LEVEL = 0;
				GCC_PREPROCESSOR_DEFINITIONS = (
					"DEBUG=1",
					"$(inherited)",
				);
				GCC_SYMBOLS_PRIVATE_EXTERN = NO;
				GCC_WARN_64_TO_32_BIT_CONVERSION = YES;
				GCC_WARN_ABOUT_RETURN_TYPE = YES_ERROR;
				GCC_WARN_UNDECLARED_SELECTOR = YES;
				GCC_WARN_UNINITIALIZED_AUTOS = YES_AGGRESSIVE;
				GCC_WARN_UNUSED_FUNCTION = YES;
				GCC_WARN_UNUSED_VARIABLE = YES;
				IPHONEOS_DEPLOYMENT_TARGET = 8.3;
				MTL_ENABLE_DEBUG_INFO = YES;
				ONLY_ACTIVE_ARCH = YES;
				SDKROOT = iphoneos;
				SWIFT_OPTIMIZATION_LEVEL = "-Onone";
			};
			name = Debug;
		};
		DADD1B341B073D6A00DC9269 /* Release */ = {
			isa = XCBuildConfiguration;
			buildSettings = {
				ALWAYS_SEARCH_USER_PATHS = NO;
				CLANG_CXX_LANGUAGE_STANDARD = "gnu++0x";
				CLANG_CXX_LIBRARY = "libc++";
				CLANG_ENABLE_MODULES = YES;
				CLANG_ENABLE_OBJC_ARC = YES;
				CLANG_WARN_BOOL_CONVERSION = YES;
				CLANG_WARN_CONSTANT_CONVERSION = YES;
				CLANG_WARN_DIRECT_OBJC_ISA_USAGE = YES_ERROR;
				CLANG_WARN_EMPTY_BODY = YES;
				CLANG_WARN_ENUM_CONVERSION = YES;
				CLANG_WARN_INT_CONVERSION = YES;
				CLANG_WARN_OBJC_ROOT_CLASS = YES_ERROR;
				CLANG_WARN_UNREACHABLE_CODE = YES;
				CLANG_WARN__DUPLICATE_METHOD_MATCH = YES;
				"CODE_SIGN_IDENTITY[sdk=iphoneos*]" = "iPhone Developer";
				COPY_PHASE_STRIP = NO;
				DEBUG_INFORMATION_FORMAT = "dwarf-with-dsym";
				ENABLE_NS_ASSERTIONS = NO;
				ENABLE_STRICT_OBJC_MSGSEND = YES;
				ENABLE_TESTABILITY = YES;
				GCC_C_LANGUAGE_STANDARD = gnu99;
				GCC_NO_COMMON_BLOCKS = YES;
				GCC_WARN_64_TO_32_BIT_CONVERSION = YES;
				GCC_WARN_ABOUT_RETURN_TYPE = YES_ERROR;
				GCC_WARN_UNDECLARED_SELECTOR = YES;
				GCC_WARN_UNINITIALIZED_AUTOS = YES_AGGRESSIVE;
				GCC_WARN_UNUSED_FUNCTION = YES;
				GCC_WARN_UNUSED_VARIABLE = YES;
				IPHONEOS_DEPLOYMENT_TARGET = 8.3;
				MTL_ENABLE_DEBUG_INFO = NO;
				SDKROOT = iphoneos;
				VALIDATE_PRODUCT = YES;
			};
			name = Release;
		};
		DADD1B361B073D6A00DC9269 /* Debug */ = {
			isa = XCBuildConfiguration;
			buildSettings = {
				ASSETCATALOG_COMPILER_APPICON_NAME = AppIcon;
				ASSETCATALOG_COMPILER_LAUNCHIMAGE_NAME = LaunchImage;
				ENABLE_TESTABILITY = YES;
				FRAMEWORK_SEARCH_PATHS = (
					"$(inherited)",
					"$(PROJECT_DIR)/Convrt/Frameworks",
				);
				INFOPLIST_FILE = Convrt/Info.plist;
				IPHONEOS_DEPLOYMENT_TARGET = 8.0;
				LD_RUNPATH_SEARCH_PATHS = "$(inherited) @executable_path/Frameworks";
				PRODUCT_BUNDLE_IDENTIFIER = "com.ryce.$(PRODUCT_NAME:rfc1034identifier)";
				PRODUCT_NAME = "$(TARGET_NAME)";
			};
			name = Debug;
		};
		DADD1B371B073D6A00DC9269 /* Release */ = {
			isa = XCBuildConfiguration;
			buildSettings = {
				ASSETCATALOG_COMPILER_APPICON_NAME = AppIcon;
				ASSETCATALOG_COMPILER_LAUNCHIMAGE_NAME = LaunchImage;
				CODE_SIGN_IDENTITY = "iPhone Distribution";
				ENABLE_TESTABILITY = YES;
				FRAMEWORK_SEARCH_PATHS = (
					"$(inherited)",
					"$(PROJECT_DIR)/Convrt/Frameworks",
				);
				INFOPLIST_FILE = Convrt/Info.plist;
				IPHONEOS_DEPLOYMENT_TARGET = 8.0;
				LD_RUNPATH_SEARCH_PATHS = "$(inherited) @executable_path/Frameworks";
				PRODUCT_BUNDLE_IDENTIFIER = "com.ryce.$(PRODUCT_NAME:rfc1034identifier)";
				PRODUCT_NAME = "$(TARGET_NAME)";
			};
			name = Release;
		};
		DADD1B391B073D6A00DC9269 /* Debug */ = {
			isa = XCBuildConfiguration;
			buildSettings = {
				BUNDLE_LOADER = "$(TEST_HOST)";
				FRAMEWORK_SEARCH_PATHS = (
					"$(SDKROOT)/Developer/Library/Frameworks",
					"$(inherited)",
				);
				GCC_PREPROCESSOR_DEFINITIONS = (
					"DEBUG=1",
					"$(inherited)",
				);
				INFOPLIST_FILE = ConvrtTests/Info.plist;
				LD_RUNPATH_SEARCH_PATHS = "$(inherited) @executable_path/Frameworks @loader_path/Frameworks";
				PRODUCT_BUNDLE_IDENTIFIER = "com.ryce.$(PRODUCT_NAME:rfc1034identifier)";
				PRODUCT_NAME = "$(TARGET_NAME)";
				TEST_HOST = "$(BUILT_PRODUCTS_DIR)/Convrt.app/Convrt";
			};
			name = Debug;
		};
		DADD1B3A1B073D6A00DC9269 /* Release */ = {
			isa = XCBuildConfiguration;
			buildSettings = {
				BUNDLE_LOADER = "$(TEST_HOST)";
				FRAMEWORK_SEARCH_PATHS = (
					"$(SDKROOT)/Developer/Library/Frameworks",
					"$(inherited)",
				);
				INFOPLIST_FILE = ConvrtTests/Info.plist;
				LD_RUNPATH_SEARCH_PATHS = "$(inherited) @executable_path/Frameworks @loader_path/Frameworks";
				PRODUCT_BUNDLE_IDENTIFIER = "com.ryce.$(PRODUCT_NAME:rfc1034identifier)";
				PRODUCT_NAME = "$(TARGET_NAME)";
				TEST_HOST = "$(BUILT_PRODUCTS_DIR)/Convrt.app/Convrt";
			};
			name = Release;
		};
/* End XCBuildConfiguration section */

/* Begin XCConfigurationList section */
		DA94A1271B3DCC2E00FFA025 /* Build configuration list for PBXNativeTarget "Convrt UI Tests" */ = {
			isa = XCConfigurationList;
			buildConfigurations = (
				DA94A1251B3DCC2E00FFA025 /* Debug */,
				DA94A1261B3DCC2E00FFA025 /* Release */,
			);
			defaultConfigurationIsVisible = 0;
			defaultConfigurationName = Release;
		};
		DADD1B111B073D6A00DC9269 /* Build configuration list for PBXProject "Convrt" */ = {
			isa = XCConfigurationList;
			buildConfigurations = (
				DADD1B331B073D6A00DC9269 /* Debug */,
				DADD1B341B073D6A00DC9269 /* Release */,
			);
			defaultConfigurationIsVisible = 0;
			defaultConfigurationName = Release;
		};
		DADD1B351B073D6A00DC9269 /* Build configuration list for PBXNativeTarget "Convrt" */ = {
			isa = XCConfigurationList;
			buildConfigurations = (
				DADD1B361B073D6A00DC9269 /* Debug */,
				DADD1B371B073D6A00DC9269 /* Release */,
			);
			defaultConfigurationIsVisible = 0;
			defaultConfigurationName = Release;
		};
		DADD1B381B073D6A00DC9269 /* Build configuration list for PBXNativeTarget "ConvrtTests" */ = {
			isa = XCConfigurationList;
			buildConfigurations = (
				DADD1B391B073D6A00DC9269 /* Debug */,
				DADD1B3A1B073D6A00DC9269 /* Release */,
			);
			defaultConfigurationIsVisible = 0;
			defaultConfigurationName = Release;
		};
/* End XCConfigurationList section */
	};
	rootObject = DADD1B0E1B073D6A00DC9269 /* Project object */;
}
