// !$*UTF8*$!
{
	archiveVersion = 1;
	classes = {
	};
	objectVersion = 46;
	objects = {

/* Begin PBXBuildFile section */
		DADD1B1C1B073D6A00DC9269 /* AppDelegate.swift in Sources */ = {isa = PBXBuildFile; fileRef = DADD1B1B1B073D6A00DC9269 /* AppDelegate.swift */; };
		DADD1B1E1B073D6A00DC9269 /* ViewController.swift in Sources */ = {isa = PBXBuildFile; fileRef = DADD1B1D1B073D6A00DC9269 /* ViewController.swift */; };
		DADD1B211B073D6A00DC9269 /* Main.storyboard in Resources */ = {isa = PBXBuildFile; fileRef = DADD1B1F1B073D6A00DC9269 /* Main.storyboard */; };
		DADD1B231B073D6A00DC9269 /* Images.xcassets in Resources */ = {isa = PBXBuildFile; fileRef = DADD1B221B073D6A00DC9269 /* Images.xcassets */; };
		DADD1B261B073D6A00DC9269 /* LaunchScreen.xib in Resources */ = {isa = PBXBuildFile; fileRef = DADD1B241B073D6A00DC9269 /* LaunchScreen.xib */; };
		DADD1B321B073D6A00DC9269 /* ConvrtTests.swift in Sources */ = {isa = PBXBuildFile; fileRef = DADD1B311B073D6A00DC9269 /* ConvrtTests.swift */; };
/* End PBXBuildFile section */

/* Begin PBXContainerItemProxy section */
		DADD1B2C1B073D6A00DC9269 /* PBXContainerItemProxy */ = {
			isa = PBXContainerItemProxy;
			containerPortal = DADD1B0E1B073D6A00DC9269 /* Project object */;
			proxyType = 1;
			remoteGlobalIDString = DADD1B151B073D6A00DC9269;
			remoteInfo = Convrt;
		};
/* End PBXContainerItemProxy section */

/* Begin PBXFileReference section */
		DADD1B161B073D6A00DC9269 /* Convrt.app */ = {isa = PBXFileReference; explicitFileType = wrapper.application; includeInIndex = 0; path = Convrt.app; sourceTree = BUILT_PRODUCTS_DIR; };
		DADD1B1A1B073D6A00DC9269 /* Info.plist */ = {isa = PBXFileReference; lastKnownFileType = text.plist.xml; path = Info.plist; sourceTree = "<group>"; };
		DADD1B1B1B073D6A00DC9269 /* AppDelegate.swift */ = {isa = PBXFileReference; lastKnownFileType = sourcecode.swift; path = AppDelegate.swift; sourceTree = "<group>"; };
		DADD1B1D1B073D6A00DC9269 /* ViewController.swift */ = {isa = PBXFileReference; lastKnownFileType = sourcecode.swift; path = ViewController.swift; sourceTree = "<group>"; };
		DADD1B201B073D6A00DC9269 /* Base */ = {isa = PBXFileReference; lastKnownFileType = file.storyboard; name = Base; path = Base.lproj/Main.storyboard; sourceTree = "<group>"; };
		DADD1B221B073D6A00DC9269 /* Images.xcassets */ = {isa = PBXFileReference; lastKnownFileType = folder.assetcatalog; path = Images.xcassets; sourceTree = "<group>"; };
		DADD1B251B073D6A00DC9269 /* Base */ = {isa = PBXFileReference; lastKnownFileType = file.xib; name = Base; path = Base.lproj/LaunchScreen.xib; sourceTree = "<group>"; };
		DADD1B2B1B073D6A00DC9269 /* ConvrtTests.xctest */ = {isa = PBXFileReference; explicitFileType = wrapper.cfbundle; includeInIndex = 0; path = ConvrtTests.xctest; sourceTree = BUILT_PRODUCTS_DIR; };
		DADD1B301B073D6A00DC9269 /* Info.plist */ = {isa = PBXFileReference; lastKnownFileType = text.plist.xml; path = Info.plist; sourceTree = "<group>"; };
		DADD1B311B073D6A00DC9269 /* ConvrtTests.swift */ = {isa = PBXFileReference; lastKnownFileType = sourcecode.swift; path = ConvrtTests.swift; sourceTree = "<group>"; };
/* End PBXFileReference section */

/* Begin PBXFrameworksBuildPhase section */
		DADD1B131B073D6A00DC9269 /* Frameworks */ = {
			isa = PBXFrameworksBuildPhase;
			buildActionMask = 2147483647;
			files = (
			);
			runOnlyForDeploymentPostprocessing = 0;
		};
		DADD1B281B073D6A00DC9269 /* Frameworks */ = {
			isa = PBXFrameworksBuildPhase;
			buildActionMask = 2147483647;
			files = (
			);
			runOnlyForDeploymentPostprocessing = 0;
		};
/* End PBXFrameworksBuildPhase section */

/* Begin PBXGroup section */
		DADD1B0D1B073D6A00DC9269 = {
			isa = PBXGroup;
			children = (
				DADD1B181B073D6A00DC9269 /* Convrt */,
				DADD1B2E1B073D6A00DC9269 /* ConvrtTests */,
				DADD1B171B073D6A00DC9269 /* Products */,
			);
			sourceTree = "<group>";
		};
		DADD1B171B073D6A00DC9269 /* Products */ = {
			isa = PBXGroup;
			children = (
				DADD1B161B073D6A00DC9269 /* Convrt.app */,
				DADD1B2B1B073D6A00DC9269 /* ConvrtTests.xctest */,
			);
			name = Products;
			sourceTree = "<group>";
		};
		DADD1B181B073D6A00DC9269 /* Convrt */ = {
			isa = PBXGroup;
			children = (
				DADD1B1B1B073D6A00DC9269 /* AppDelegate.swift */,
				DADD1B1D1B073D6A00DC9269 /* ViewController.swift */,
				DADD1B1F1B073D6A00DC9269 /* Main.storyboard */,
				DADD1B221B073D6A00DC9269 /* Images.xcassets */,
				DADD1B241B073D6A00DC9269 /* LaunchScreen.xib */,
				DADD1B191B073D6A00DC9269 /* Supporting Files */,
			);
			path = Convrt;
			sourceTree = "<group>";
		};
		DADD1B191B073D6A00DC9269 /* Supporting Files */ = {
			isa = PBXGroup;
			children = (
				DADD1B1A1B073D6A00DC9269 /* Info.plist */,
			);
			name = "Supporting Files";
			sourceTree = "<group>";
		};
		DADD1B2E1B073D6A00DC9269 /* ConvrtTests */ = {
			isa = PBXGroup;
			children = (
				DADD1B311B073D6A00DC9269 /* ConvrtTests.swift */,
				DADD1B2F1B073D6A00DC9269 /* Supporting Files */,
			);
			path = ConvrtTests;
			sourceTree = "<group>";
		};
		DADD1B2F1B073D6A00DC9269 /* Supporting Files */ = {
			isa = PBXGroup;
			children = (
				DADD1B301B073D6A00DC9269 /* Info.plist */,
			);
			name = "Supporting Files";
			sourceTree = "<group>";
		};
/* End PBXGroup section */

/* Begin PBXNativeTarget section */
		DADD1B151B073D6A00DC9269 /* Convrt */ = {
			isa = PBXNativeTarget;
			buildConfigurationList = DADD1B351B073D6A00DC9269 /* Build configuration list for PBXNativeTarget "Convrt" */;
			buildPhases = (
				DADD1B121B073D6A00DC9269 /* Sources */,
				DADD1B131B073D6A00DC9269 /* Frameworks */,
				DADD1B141B073D6A00DC9269 /* Resources */,
			);
			buildRules = (
			);
			dependencies = (
			);
			name = Convrt;
			productName = Convrt;
			productReference = DADD1B161B073D6A00DC9269 /* Convrt.app */;
			productType = "com.apple.product-type.application";
		};
		DADD1B2A1B073D6A00DC9269 /* ConvrtTests */ = {
			isa = PBXNativeTarget;
			buildConfigurationList = DADD1B381B073D6A00DC9269 /* Build configuration list for PBXNativeTarget "ConvrtTests" */;
			buildPhases = (
				DADD1B271B073D6A00DC9269 /* Sources */,
				DADD1B281B073D6A00DC9269 /* Frameworks */,
				DADD1B291B073D6A00DC9269 /* Resources */,
			);
			buildRules = (
			);
			dependencies = (
				DADD1B2D1B073D6A00DC9269 /* PBXTargetDependency */,
			);
			name = ConvrtTests;
			productName = ConvrtTests;
			productReference = DADD1B2B1B073D6A00DC9269 /* ConvrtTests.xctest */;
			productType = "com.apple.product-type.bundle.unit-test";
		};
/* End PBXNativeTarget section */

/* Begin PBXProject section */
		DADD1B0E1B073D6A00DC9269 /* Project object */ = {
			isa = PBXProject;
			attributes = {
				LastUpgradeCheck = 0630;
				ORGANIZATIONNAME = ryce;
				TargetAttributes = {
					DADD1B151B073D6A00DC9269 = {
						CreatedOnToolsVersion = 6.3.1;
					};
					DADD1B2A1B073D6A00DC9269 = {
						CreatedOnToolsVersion = 6.3.1;
						TestTargetID = DADD1B151B073D6A00DC9269;
					};
				};
			};
			buildConfigurationList = DADD1B111B073D6A00DC9269 /* Build configuration list for PBXProject "Convrt" */;
			compatibilityVersion = "Xcode 3.2";
			developmentRegion = English;
			hasScannedForEncodings = 0;
			knownRegions = (
				en,
				Base,
			);
			mainGroup = DADD1B0D1B073D6A00DC9269;
			productRefGroup = DADD1B171B073D6A00DC9269 /* Products */;
			projectDirPath = "";
			projectRoot = "";
			targets = (
				DADD1B151B073D6A00DC9269 /* Convrt */,
				DADD1B2A1B073D6A00DC9269 /* ConvrtTests */,
			);
		};
/* End PBXProject section */

/* Begin PBXResourcesBuildPhase section */
		DADD1B141B073D6A00DC9269 /* Resources */ = {
			isa = PBXResourcesBuildPhase;
			buildActionMask = 2147483647;
			files = (
				DADD1B211B073D6A00DC9269 /* Main.storyboard in Resources */,
				DADD1B261B073D6A00DC9269 /* LaunchScreen.xib in Resources */,
				DADD1B231B073D6A00DC9269 /* Images.xcassets in Resources */,
			);
			runOnlyForDeploymentPostprocessing = 0;
		};
		DADD1B291B073D6A00DC9269 /* Resources */ = {
			isa = PBXResourcesBuildPhase;
			buildActionMask = 2147483647;
			files = (
			);
			runOnlyForDeploymentPostprocessing = 0;
		};
/* End PBXResourcesBuildPhase section */

/* Begin PBXSourcesBuildPhase section */
		DADD1B121B073D6A00DC9269 /* Sources */ = {
			isa = PBXSourcesBuildPhase;
			buildActionMask = 2147483647;
			files = (
				DADD1B1E1B073D6A00DC9269 /* ViewController.swift in Sources */,
				DADD1B1C1B073D6A00DC9269 /* AppDelegate.swift in Sources */,
			);
			runOnlyForDeploymentPostprocessing = 0;
		};
		DADD1B271B073D6A00DC9269 /* Sources */ = {
			isa = PBXSourcesBuildPhase;
			buildActionMask = 2147483647;
			files = (
				DADD1B321B073D6A00DC9269 /* ConvrtTests.swift in Sources */,
			);
			runOnlyForDeploymentPostprocessing = 0;
		};
/* End PBXSourcesBuildPhase section */

/* Begin PBXTargetDependency section */
		DADD1B2D1B073D6A00DC9269 /* PBXTargetDependency */ = {
			isa = PBXTargetDependency;
			target = DADD1B151B073D6A00DC9269 /* Convrt */;
			targetProxy = DADD1B2C1B073D6A00DC9269 /* PBXContainerItemProxy */;
		};
/* End PBXTargetDependency section */

/* Begin PBXVariantGroup section */
		DADD1B1F1B073D6A00DC9269 /* Main.storyboard */ = {
			isa = PBXVariantGroup;
			children = (
				DADD1B201B073D6A00DC9269 /* Base */,
			);
			name = Main.storyboard;
			sourceTree = "<group>";
		};
		DADD1B241B073D6A00DC9269 /* LaunchScreen.xib */ = {
			isa = PBXVariantGroup;
			children = (
				DADD1B251B073D6A00DC9269 /* Base */,
			);
			name = LaunchScreen.xib;
			sourceTree = "<group>";
		};
/* End PBXVariantGroup section */

/* Begin XCBuildConfiguration section */
		DADD1B331B073D6A00DC9269 /* Debug */ = {
			isa = XCBuildConfiguration;
			buildSettings = {
				ALWAYS_SEARCH_USER_PATHS = NO;
				CLANG_CXX_LANGUAGE_STANDARD = "gnu++0x";
				CLANG_CXX_LIBRARY = "libc++";
				CLANG_ENABLE_MODULES = YES;
				CLANG_ENABLE_OBJC_ARC = YES;
				CLANG_WARN_BOOL_CONVERSION = YES;
				CLANG_WARN_CONSTANT_CONVERSION = YES;
				CLANG_WARN_DIRECT_OBJC_ISA_USAGE = YES_ERROR;
				CLANG_WARN_EMPTY_BODY = YES;
				CLANG_WARN_ENUM_CONVERSION = YES;
				CLANG_WARN_INT_CONVERSION = YES;
				CLANG_WARN_OBJC_ROOT_CLASS = YES_ERROR;
				CLANG_WARN_UNREACHABLE_CODE = YES;
				CLANG_WARN__DUPLICATE_METHOD_MATCH = YES;
				"CODE_SIGN_IDENTITY[sdk=iphoneos*]" = "iPhone Developer";
				COPY_PHASE_STRIP = NO;
				DEBUG_INFORMATION_FORMAT = "dwarf-with-dsym";
				ENABLE_STRICT_OBJC_MSGSEND = YES;
				GCC_C_LANGUAGE_STANDARD = gnu99;
				GCC_DYNAMIC_NO_PIC = NO;
				GCC_NO_COMMON_BLOCKS = YES;
				GCC_OPTIMIZATION_LEVEL = 0;
				GCC_PREPROCESSOR_DEFINITIONS = (
					"DEBUG=1",
					"$(inherited)",
				);
				GCC_SYMBOLS_PRIVATE_EXTERN = NO;
				GCC_WARN_64_TO_32_BIT_CONVERSION = YES;
				GCC_WARN_ABOUT_RETURN_TYPE = YES_ERROR;
				GCC_WARN_UNDECLARED_SELECTOR = YES;
				GCC_WARN_UNINITIALIZED_AUTOS = YES_AGGRESSIVE;
				GCC_WARN_UNUSED_FUNCTION = YES;
				GCC_WARN_UNUSED_VARIABLE = YES;
				IPHONEOS_DEPLOYMENT_TARGET = 8.3;
				MTL_ENABLE_DEBUG_INFO = YES;
				ONLY_ACTIVE_ARCH = YES;
				SDKROOT = iphoneos;
				SWIFT_OPTIMIZATION_LEVEL = "-Onone";
			};
			name = Debug;
		};
		DADD1B341B073D6A00DC9269 /* Release */ = {
			isa = XCBuildConfiguration;
			buildSettings = {
				ALWAYS_SEARCH_USER_PATHS = NO;
				CLANG_CXX_LANGUAGE_STANDARD = "gnu++0x";
				CLANG_CXX_LIBRARY = "libc++";
				CLANG_ENABLE_MODULES = YES;
				CLANG_ENABLE_OBJC_ARC = YES;
				CLANG_WARN_BOOL_CONVERSION = YES;
				CLANG_WARN_CONSTANT_CONVERSION = YES;
				CLANG_WARN_DIRECT_OBJC_ISA_USAGE = YES_ERROR;
				CLANG_WARN_EMPTY_BODY = YES;
				CLANG_WARN_ENUM_CONVERSION = YES;
				CLANG_WARN_INT_CONVERSION = YES;
				CLANG_WARN_OBJC_ROOT_CLASS = YES_ERROR;
				CLANG_WARN_UNREACHABLE_CODE = YES;
				CLANG_WARN__DUPLICATE_METHOD_MATCH = YES;
				"CODE_SIGN_IDENTITY[sdk=iphoneos*]" = "iPhone Developer";
				COPY_PHASE_STRIP = NO;
				DEBUG_INFORMATION_FORMAT = "dwarf-with-dsym";
				ENABLE_NS_ASSERTIONS = NO;
				ENABLE_STRICT_OBJC_MSGSEND = YES;
				GCC_C_LANGUAGE_STANDARD = gnu99;
				GCC_NO_COMMON_BLOCKS = YES;
				GCC_WARN_64_TO_32_BIT_CONVERSION = YES;
				GCC_WARN_ABOUT_RETURN_TYPE = YES_ERROR;
				GCC_WARN_UNDECLARED_SELECTOR = YES;
				GCC_WARN_UNINITIALIZED_AUTOS = YES_AGGRESSIVE;
				GCC_WARN_UNUSED_FUNCTION = YES;
				GCC_WARN_UNUSED_VARIABLE = YES;
				IPHONEOS_DEPLOYMENT_TARGET = 8.3;
				MTL_ENABLE_DEBUG_INFO = NO;
				SDKROOT = iphoneos;
				VALIDATE_PRODUCT = YES;
			};
			name = Release;
		};
		DADD1B361B073D6A00DC9269 /* Debug */ = {
			isa = XCBuildConfiguration;
			buildSettings = {
				ASSETCATALOG_COMPILER_APPICON_NAME = AppIcon;
				INFOPLIST_FILE = Convrt/Info.plist;
				LD_RUNPATH_SEARCH_PATHS = "$(inherited) @executable_path/Frameworks";
				PRODUCT_NAME = "$(TARGET_NAME)";
			};
			name = Debug;
		};
		DADD1B371B073D6A00DC9269 /* Release */ = {
			isa = XCBuildConfiguration;
			buildSettings = {
				ASSETCATALOG_COMPILER_APPICON_NAME = AppIcon;
				INFOPLIST_FILE = Convrt/Info.plist;
				LD_RUNPATH_SEARCH_PATHS = "$(inherited) @executable_path/Frameworks";
				PRODUCT_NAME = "$(TARGET_NAME)";
			};
			name = Release;
		};
		DADD1B391B073D6A00DC9269 /* Debug */ = {
			isa = XCBuildConfiguration;
			buildSettings = {
				BUNDLE_LOADER = "$(TEST_HOST)";
				FRAMEWORK_SEARCH_PATHS = (
					"$(SDKROOT)/Developer/Library/Frameworks",
					"$(inherited)",
				);
				GCC_PREPROCESSOR_DEFINITIONS = (
					"DEBUG=1",
					"$(inherited)",
				);
				INFOPLIST_FILE = ConvrtTests/Info.plist;
				LD_RUNPATH_SEARCH_PATHS = "$(inherited) @executable_path/Frameworks @loader_path/Frameworks";
				PRODUCT_NAME = "$(TARGET_NAME)";
				TEST_HOST = "$(BUILT_PRODUCTS_DIR)/Convrt.app/Convrt";
			};
			name = Debug;
		};
		DADD1B3A1B073D6A00DC9269 /* Release */ = {
			isa = XCBuildConfiguration;
			buildSettings = {
				BUNDLE_LOADER = "$(TEST_HOST)";
				FRAMEWORK_SEARCH_PATHS = (
					"$(SDKROOT)/Developer/Library/Frameworks",
					"$(inherited)",
				);
				INFOPLIST_FILE = ConvrtTests/Info.plist;
				LD_RUNPATH_SEARCH_PATHS = "$(inherited) @executable_path/Frameworks @loader_path/Frameworks";
				PRODUCT_NAME = "$(TARGET_NAME)";
				TEST_HOST = "$(BUILT_PRODUCTS_DIR)/Convrt.app/Convrt";
			};
			name = Release;
		};
/* End XCBuildConfiguration section */

/* Begin XCConfigurationList section */
		DADD1B111B073D6A00DC9269 /* Build configuration list for PBXProject "Convrt" */ = {
			isa = XCConfigurationList;
			buildConfigurations = (
				DADD1B331B073D6A00DC9269 /* Debug */,
				DADD1B341B073D6A00DC9269 /* Release */,
			);
			defaultConfigurationIsVisible = 0;
			defaultConfigurationName = Release;
		};
		DADD1B351B073D6A00DC9269 /* Build configuration list for PBXNativeTarget "Convrt" */ = {
			isa = XCConfigurationList;
			buildConfigurations = (
				DADD1B361B073D6A00DC9269 /* Debug */,
				DADD1B371B073D6A00DC9269 /* Release */,
			);
			defaultConfigurationIsVisible = 0;
		};
		DADD1B381B073D6A00DC9269 /* Build configuration list for PBXNativeTarget "ConvrtTests" */ = {
			isa = XCConfigurationList;
			buildConfigurations = (
				DADD1B391B073D6A00DC9269 /* Debug */,
				DADD1B3A1B073D6A00DC9269 /* Release */,
			);
			defaultConfigurationIsVisible = 0;
		};
/* End XCConfigurationList section */
	};
	rootObject = DADD1B0E1B073D6A00DC9269 /* Project object */;
}
